
Microsoft Visual Studio Solution File, Format Version 12.00
# Visual Studio 15
VisualStudioVersion = 15.0.28307.1169
MinimumVisualStudioVersion = 10.0.40219.1
Project("{930C7802-8A8C-48F9-8165-68863BCCD9DD}") = "SetupProject2", "SetupProject2\SetupProject2.wixproj", "{9E9C8756-85C9-492A-AFB9-5EAD8DB82F89}"
EndProject
Project("{FAE04EC0-301F-11D3-BF4B-00C04F79EFBC}") = "ConsoleApp1", "ConsoleApp1\ConsoleApp1.csproj", "{0D09D31C-189F-4D8E-BC85-026EC8C33267}"
EndProject
Global
	GlobalSection(SolutionConfigurationPlatforms) = preSolution
		Debug|Any CPU = Debug|Any CPU
		Debug|x86 = Debug|x86
		Release|Any CPU = Release|Any CPU
		Release|x86 = Release|x86
	EndGlobalSection
	GlobalSection(ProjectConfigurationPlatforms) = postSolution
		{9E9C8756-85C9-492A-AFB9-5EAD8DB82F89}.Debug|Any CPU.ActiveCfg = Debug|x86
		{9E9C8756-85C9-492A-AFB9-5EAD8DB82F89}.Debug|x86.ActiveCfg = Debug|x86
		{9E9C8756-85C9-492A-AFB9-5EAD8DB82F89}.Debug|x86.Build.0 = Debug|x86
		{9E9C8756-85C9-492A-AFB9-5EAD8DB82F89}.Release|Any CPU.ActiveCfg = Release|x86
		{9E9C8756-85C9-492A-AFB9-5EAD8DB82F89}.Release|x86.ActiveCfg = Release|x86
		{9E9C8756-85C9-492A-AFB9-5EAD8DB82F89}.Release|x86.Build.0 = Release|x86
		{0D09D31C-189F-4D8E-BC85-026EC8C33267}.Debug|Any CPU.ActiveCfg = Debug|Any CPU
		{0D09D31C-189F-4D8E-BC85-026EC8C33267}.Debug|Any CPU.Build.0 = Debug|Any CPU
		{0D09D31C-189F-4D8E-BC85-026EC8C33267}.Debug|x86.ActiveCfg = Debug|Any CPU
		{0D09D31C-189F-4D8E-BC85-026EC8C33267}.Debug|x86.Build.0 = Debug|Any CPU
		{0D09D31C-189F-4D8E-BC85-026EC8C33267}.Release|Any CPU.ActiveCfg = Release|Any CPU
		{0D09D31C-189F-4D8E-BC85-026EC8C33267}.Release|Any CPU.Build.0 = Release|Any CPU
		{0D09D31C-189F-4D8E-BC85-026EC8C33267}.Release|x86.ActiveCfg = Release|Any CPU
		{0D09D31C-189F-4D8E-BC85-026EC8C33267}.Release|x86.Build.0 = Release|Any CPU
	EndGlobalSection
	GlobalSection(SolutionProperties) = preSolution
		HideSolutionNode = FALSE
	EndGlobalSection
	GlobalSection(ExtensibilityGlobals) = postSolution
		SolutionGuid = {634F07CD-E2CA-409A-AF67-AA551EBFD7E0}
	EndGlobalSection
EndGlobal
